
Microsoft Visual Studio Solution File, Format Version 12.00
# Visual Studio Version 16
VisualStudioVersion = 16.0.30011.22
MinimumVisualStudioVersion = 10.0.40219.1
Project("{9A19103F-16F7-4668-BE54-9A1E7A4F7556}") = "Lucene.Orm.Documents", "src\Lucene.Orm.Documents\Lucene.Orm.Documents.csproj", "{AF1C09F1-04D5-4DDF-A0AE-205DD0A82D60}"
EndProject
Project("{FAE04EC0-301F-11D3-BF4B-00C04F79EFBC}") = "Lucene.Orm.Documents.Tests", "tests\Lucene.Orm.Documents.Tests\Lucene.Orm.Documents.Tests.csproj", "{6E9E39FD-6AF5-4B1C-BE0A-70A2560A4CF9}"
EndProject
Global
	GlobalSection(SolutionConfigurationPlatforms) = preSolution
		Debug|Any CPU = Debug|Any CPU
		Release|Any CPU = Release|Any CPU
	EndGlobalSection
	GlobalSection(ProjectConfigurationPlatforms) = postSolution
		{AF1C09F1-04D5-4DDF-A0AE-205DD0A82D60}.Debug|Any CPU.ActiveCfg = Debug|Any CPU
		{AF1C09F1-04D5-4DDF-A0AE-205DD0A82D60}.Debug|Any CPU.Build.0 = Debug|Any CPU
		{AF1C09F1-04D5-4DDF-A0AE-205DD0A82D60}.Release|Any CPU.ActiveCfg = Release|Any CPU
		{AF1C09F1-04D5-4DDF-A0AE-205DD0A82D60}.Release|Any CPU.Build.0 = Release|Any CPU
		{6E9E39FD-6AF5-4B1C-BE0A-70A2560A4CF9}.Debug|Any CPU.ActiveCfg = Debug|Any CPU
		{6E9E39FD-6AF5-4B1C-BE0A-70A2560A4CF9}.Debug|Any CPU.Build.0 = Debug|Any CPU
		{6E9E39FD-6AF5-4B1C-BE0A-70A2560A4CF9}.Release|Any CPU.ActiveCfg = Release|Any CPU
		{6E9E39FD-6AF5-4B1C-BE0A-70A2560A4CF9}.Release|Any CPU.Build.0 = Release|Any CPU
	EndGlobalSection
	GlobalSection(SolutionProperties) = preSolution
		HideSolutionNode = FALSE
	EndGlobalSection
	GlobalSection(ExtensibilityGlobals) = postSolution
		SolutionGuid = {431A5FCE-83FB-42A8-99CB-7FBDFA19F4A2}
	EndGlobalSection
EndGlobal
